
Microsoft Visual Studio Solution File, Format Version 12.00
# Visual Studio Version 17
VisualStudioVersion = 17.10.35013.160
MinimumVisualStudioVersion = 10.0.40219.1
Project("{FAE04EC0-301F-11D3-BF4B-00C04F79EFBC}") = "NactiData", "NactiData\NactiData.csproj", "{FA666680-2295-4919-A93C-ECCC950C580E}"
EndProject
Global
	GlobalSection(SolutionConfigurationPlatforms) = preSolution
		Debug|Any CPU = Debug|Any CPU
		Release|Any CPU = Release|Any CPU
	EndGlobalSection
	GlobalSection(ProjectConfigurationPlatforms) = postSolution
		{FA666680-2295-4919-A93C-ECCC950C580E}.Debug|Any CPU.ActiveCfg = Debug|Any CPU
		{FA666680-2295-4919-A93C-ECCC950C580E}.Debug|Any CPU.Build.0 = Debug|Any CPU
		{FA666680-2295-4919-A93C-ECCC950C580E}.Release|Any CPU.ActiveCfg = Release|Any CPU
		{FA666680-2295-4919-A93C-ECCC950C580E}.Release|Any CPU.Build.0 = Release|Any CPU
	EndGlobalSection
	GlobalSection(SolutionProperties) = preSolution
		HideSolutionNode = FALSE
	EndGlobalSection
	GlobalSection(ExtensibilityGlobals) = postSolution
		SolutionGuid = {8D1204A1-B2D8-4743-A58A-7AE1C8CA23E8}
	EndGlobalSection
EndGlobal
